
Microsoft Visual Studio Solution File, Format Version 12.00
# Visual Studio 15
VisualStudioVersion = 15.0.28307.779
MinimumVisualStudioVersion = 10.0.40219.1
Project("{FAE04EC0-301F-11D3-BF4B-00C04F79EFBC}") = "Interface_PLS_PCRegistry", "Interface_PLS_PCRegistry\Interface_PLS_PCRegistry.csproj", "{CD7A8882-37B6-4EC5-ADA4-91F9670F5DE6}"
EndProject
Global
	GlobalSection(SolutionConfigurationPlatforms) = preSolution
		Debug|Any CPU = Debug|Any CPU
		Release|Any CPU = Release|Any CPU
	EndGlobalSection
	GlobalSection(ProjectConfigurationPlatforms) = postSolution
		{CD7A8882-37B6-4EC5-ADA4-91F9670F5DE6}.Debug|Any CPU.ActiveCfg = Debug|Any CPU
		{CD7A8882-37B6-4EC5-ADA4-91F9670F5DE6}.Debug|Any CPU.Build.0 = Debug|Any CPU
		{CD7A8882-37B6-4EC5-ADA4-91F9670F5DE6}.Release|Any CPU.ActiveCfg = Release|Any CPU
		{CD7A8882-37B6-4EC5-ADA4-91F9670F5DE6}.Release|Any CPU.Build.0 = Release|Any CPU
	EndGlobalSection
	GlobalSection(SolutionProperties) = preSolution
		HideSolutionNode = FALSE
	EndGlobalSection
	GlobalSection(ExtensibilityGlobals) = postSolution
		SolutionGuid = {4F376244-BED0-4E57-A594-06A2660FD8F0}
	EndGlobalSection
EndGlobal
